<?xml version="1.0" encoding="utf-8"?>
<Project ToolsVersion="4.0" xmlns="http://schemas.microsoft.com/developer/msbuild/2003">
  <ItemGroup>
    <Filter Include="Source Files">
      <UniqueIdentifier>{4FC737F1-C7A5-4376-A066-2A32D752A2FF}</UniqueIdentifier>
      <Extensions>cpp;c;cc;cxx;c++;cppm;ixx;def;odl;idl;hpj;bat;asm;asmx</Extensions>
    </Filter>
    <Filter Include="Header Files">
      <UniqueIdentifier>{93995380-89BD-4b04-88EB-625FBE52EBFB}</UniqueIdentifier>
      <Extensions>h;hh;hpp;hxx;h++;hm;inl;inc;ipp;xsd</Extensions>
    </Filter>
    <Filter Include="Resource Files">
      <UniqueIdentifier>{67DA6AB6-F800-4c08-8B7A-83BB121AAD01}</UniqueIdentifier>
      <Extensions>rc;ico;cur;bmp;dlg;rc2;rct;bin;rgs;gif;jpg;jpeg;jpe;resx;tiff;tif;png;wav;mfcribbon-ms</Extensions>
    </Filter>
    <Filter Include="Header Files\SPL">
      <UniqueIdentifier>{90380c69-f59f-4de1-9b90-acffee53dfd3}</UniqueIdentifier>
    </Filter>
    <Filter Include="Header Files\SPL\Compiler">
      <UniqueIdentifier>{705215ea-9bac-484b-8ed0-945bf4787a7c}</UniqueIdentifier>
    </Filter>
    <Filter Include="Header Files\SPL\Compiler\Tokenisation">
      <UniqueIdentifier>{aa239ecb-a3a4-49a9-b0df-1e77ec46f5cb}</UniqueIdentifier>
    </Filter>
    <Filter Include="Source Files\SPL">
      <UniqueIdentifier>{cfec49ee-43fa-468e-ad00-a758df775923}</UniqueIdentifier>
    </Filter>
    <Filter Include="Source Files\SPL\Compiler">
      <UniqueIdentifier>{92960de1-9d3d-4544-acb0-a8131aeed532}</UniqueIdentifier>
    </Filter>
    <Filter Include="Source Files\SPL\Compiler\Tokenisation">
      <UniqueIdentifier>{cf4b89cd-0ead-431e-8ec2-53f7d44c4ff5}</UniqueIdentifier>
    </Filter>
    <Filter Include="Header Files\SPL\Compiler\PreProcessing">
      <UniqueIdentifier>{0ddb82f6-ab7b-4732-917d-3d5154ce3631}</UniqueIdentifier>
    </Filter>
    <Filter Include="Source Files\SPL\Compiler\PreProcessing">
      <UniqueIdentifier>{97efd06e-4c01-41f8-b1ee-ff457af0cce6}</UniqueIdentifier>
    </Filter>
    <Filter Include="Header Files\SPL\Compiler\Parser">
      <UniqueIdentifier>{695270de-f30a-457d-a0e7-079bcfe05828}</UniqueIdentifier>
    </Filter>
    <Filter Include="Source Files\SPL\Compiler\Parser">
      <UniqueIdentifier>{fcc86ef8-b107-4d67-96ad-da6dcce0265f}</UniqueIdentifier>
    </Filter>
    <Filter Include="Header Files\SPL\Compiler\Parser\Nodes">
      <UniqueIdentifier>{4a37e8ee-8db6-4e0b-adfe-48308de2c24f}</UniqueIdentifier>
    </Filter>
    <Filter Include="Header Files\SPL\Compiler\Parser\Nodes\Maths">
      <UniqueIdentifier>{150ef90e-f95e-42d4-9e1f-1286038d8385}</UniqueIdentifier>
    </Filter>
    <Filter Include="Header Files\SPL\Compiler\Parser\Nodes\Output">
      <UniqueIdentifier>{f5457900-10c9-41f8-9bcb-347a44a34654}</UniqueIdentifier>
    </Filter>
    <Filter Include="Header Files\SPL\Compiler\Parser\Nodes\Stack">
      <UniqueIdentifier>{673837f3-849d-47a0-a31c-af9e05c27c7e}</UniqueIdentifier>
    </Filter>
    <Filter Include="Header Files\SPL\Compiler\Parser\Nodes\ControlFlow">
      <UniqueIdentifier>{886b19cd-a2ea-48c7-8b8a-d55753865c3b}</UniqueIdentifier>
    </Filter>
    <Filter Include="Header Files\SPL\Compiler\Parser\Nodes\Casting">
      <UniqueIdentifier>{f8239937-3bb2-431d-9517-d01e9112ba9c}</UniqueIdentifier>
    </Filter>
    <Filter Include="Source Files\SPL\Compiler\Parser\Nodes">
      <UniqueIdentifier>{be23fc80-5e34-40fa-a9f0-06973e7efab1}</UniqueIdentifier>
    </Filter>
    <Filter Include="Source Files\SPL\Compiler\Parser\Nodes\ControlFlow">
      <UniqueIdentifier>{cc4fb118-2726-4f76-9d15-735206671136}</UniqueIdentifier>
    </Filter>
    <Filter Include="Source Files\SPL\Compiler\Parser\Nodes\Output">
      <UniqueIdentifier>{b251557f-bd80-45c5-ad2d-e1ccad5a09a0}</UniqueIdentifier>
    </Filter>
    <Filter Include="Source Files\SPL\Compiler\Parser\Nodes\Stack">
      <UniqueIdentifier>{80743ff0-9ea7-4812-9a08-66af52860a25}</UniqueIdentifier>
    </Filter>
    <Filter Include="Header Files\SPL\Compiler\Analyser">
      <UniqueIdentifier>{0424af78-a792-4733-b847-77a19e5c72cf}</UniqueIdentifier>
    </Filter>
    <Filter Include="Source Files\SPL\Compiler\Analyser">
      <UniqueIdentifier>{8ba5c805-4fc7-436e-b37f-da9b9e2bae32}</UniqueIdentifier>
    </Filter>
    <Filter Include="Header Files\SPL\Compiler\Assembling">
      <UniqueIdentifier>{be25d4e9-6e7a-4e23-8043-1648c6d51049}</UniqueIdentifier>
    </Filter>
    <Filter Include="Source Files\SPL\Compiler\Assembler">
      <UniqueIdentifier>{b4d6f563-4464-4b51-bf84-1f625c518a11}</UniqueIdentifier>
    </Filter>
    <Filter Include="Header Files\SPL\Compiler\Optimising">
      <UniqueIdentifier>{dd4cc855-1718-494d-a175-bea1c358037e}</UniqueIdentifier>
    </Filter>
    <Filter Include="Source Files\SPL\Compiler\Optimising">
      <UniqueIdentifier>{8df521a6-be08-4167-8aba-785155c05f07}</UniqueIdentifier>
    </Filter>
    <Filter Include="Header Files\SPL\Disassembling">
      <UniqueIdentifier>{39d19739-ce82-4f13-87ac-73c1400aca5b}</UniqueIdentifier>
    </Filter>
    <Filter Include="Source Files\SPL\Disassembling">
      <UniqueIdentifier>{3e976f0f-4a6c-4820-bffb-0a09ab3c49ff}</UniqueIdentifier>
    </Filter>
    <Filter Include="Source Files\SPL\VirtualMachine">
      <UniqueIdentifier>{7378909f-0369-4b73-9bde-cbeacc0ff06f}</UniqueIdentifier>
    </Filter>
    <Filter Include="Header Files\SPL\VirtualMachine">
      <UniqueIdentifier>{34599ee6-2208-434d-ac2e-e529d1d683e5}</UniqueIdentifier>
    </Filter>
  </ItemGroup>
  <ItemGroup>
    <ClCompile Include="main.cpp">
      <Filter>Source Files</Filter>
    </ClCompile>
    <ClCompile Include="Vector2.cpp">
      <Filter>Source Files</Filter>
    </ClCompile>
    <ClCompile Include="SPL\Compiler\Tokenisation\Token.cpp">
      <Filter>Source Files\SPL\Compiler\Tokenisation</Filter>
    </ClCompile>
    <ClCompile Include="SPL\Compiler\Tokenisation\Lexer.cpp">
      <Filter>Source Files\SPL\Compiler\Tokenisation</Filter>
    </ClCompile>
    <ClCompile Include="SPL\Compiler\PreProcessing\PreProcessor.cpp">
      <Filter>Source Files\SPL\Compiler\PreProcessing</Filter>
    </ClCompile>
    <ClCompile Include="SPL\Compiler\Parsing\Nodes\Free.cpp">
      <Filter>Source Files\SPL\Compiler\Parser\Nodes</Filter>
    </ClCompile>
    <ClCompile Include="SPL\Compiler\Parsing\Nodes\Node.cpp">
      <Filter>Source Files\SPL\Compiler\Parser\Nodes</Filter>
    </ClCompile>
    <ClCompile Include="SPL\Compiler\Parsing\Nodes\Single.cpp">
      <Filter>Source Files\SPL\Compiler\Parser\Nodes</Filter>
    </ClCompile>
    <ClCompile Include="SPL\Compiler\Parsing\Nodes\Value.cpp">
      <Filter>Source Files\SPL\Compiler\Parser\Nodes</Filter>
    </ClCompile>
    <ClCompile Include="SPL\Compiler\Parsing\Nodes\ControlFlow\Exit.cpp">
      <Filter>Source Files\SPL\Compiler\Parser\Nodes\ControlFlow</Filter>
    </ClCompile>
    <ClCompile Include="SPL\Compiler\Parsing\Nodes\ControlFlow\Goto.cpp">
      <Filter>Source Files\SPL\Compiler\Parser\Nodes\ControlFlow</Filter>
    </ClCompile>
    <ClCompile Include="SPL\Compiler\Parsing\Nodes\Output\Print.cpp">
      <Filter>Source Files\SPL\Compiler\Parser\Nodes\Output</Filter>
    </ClCompile>
    <ClCompile Include="SPL\Compiler\Parsing\Nodes\Stack\Push.cpp">
      <Filter>Source Files\SPL\Compiler\Parser\Nodes\Stack</Filter>
    </ClCompile>
    <ClCompile Include="SPL\Compiler\Parsing\Nodes\Stack\SetPop.cpp">
      <Filter>Source Files\SPL\Compiler\Parser\Nodes\Stack</Filter>
    </ClCompile>
    <ClCompile Include="SPL\Compiler\Parsing\Parser.cpp">
      <Filter>Source Files\SPL\Compiler\Parser</Filter>
    </ClCompile>
    <ClCompile Include="SPL\Compiler\Parsing\Nodes\Let.cpp">
      <Filter>Source Files\SPL\Compiler\Parser\Nodes</Filter>
    </ClCompile>
    <ClCompile Include="SPL\Compiler\Analyser\SemanticAnalyser.cpp">
      <Filter>Source Files\SPL\Compiler\Analyser</Filter>
    </ClCompile>
    <ClCompile Include="SPL\Compiler\Parsing\Nodes\ControlFlow\Call.cpp">
      <Filter>Source Files\SPL\Compiler\Parser\Nodes\ControlFlow</Filter>
    </ClCompile>
    <ClCompile Include="SPL\Compiler\Optimising\Optimiser.cpp">
      <Filter>Source Files\SPL\Compiler\Optimising</Filter>
    </ClCompile>
    <ClCompile Include="SPL\Compiler\Assembling\Assembler.cpp">
      <Filter>Source Files\SPL\Compiler\Assembler</Filter>
    </ClCompile>
    <ClCompile Include="SPL\Disassembling\Disassembler.cpp">
      <Filter>Source Files\SPL\Disassembling</Filter>
    </ClCompile>
    <ClCompile Include="SPL\VirtualMachine\Processor.cpp">
      <Filter>Source Files\SPL\VirtualMachine</Filter>
    </ClCompile>
    <ClCompile Include="SPL\VirtualMachine\VariableData.cpp">
      <Filter>Source Files\SPL\VirtualMachine</Filter>
    </ClCompile>
    <ClCompile Include="SPL\VirtualMachine\Accumulator.cpp">
      <Filter>Source Files\SPL\VirtualMachine</Filter>
    </ClCompile>
  </ItemGroup>
  <ItemGroup>
    <ClInclude Include="Vector2.h">
      <Filter>Header Files</Filter>
    </ClInclude>
    <ClInclude Include="SPL\Compiler\Tokenisation\Token.h">
      <Filter>Header Files\SPL\Compiler\Tokenisation</Filter>
    </ClInclude>
    <ClInclude Include="SPL\Compiler\Tokenisation\TokenType.h">
      <Filter>Header Files\SPL\Compiler\Tokenisation</Filter>
    </ClInclude>
    <ClInclude Include="SPL\Compiler\Tokenisation\Lexer.h">
      <Filter>Header Files\SPL\Compiler\Tokenisation</Filter>
    </ClInclude>
    <ClInclude Include="String.h">
      <Filter>Header Files</Filter>
    </ClInclude>
    <ClInclude Include="Constants.h">
      <Filter>Header Files</Filter>
    </ClInclude>
    <ClInclude Include="SPL\Compiler\PreProcessing\PreProcessor.h">
      <Filter>Header Files\SPL\Compiler\PreProcessing</Filter>
    </ClInclude>
    <ClInclude Include="SPL\Compiler\Parsing\Nodes\Free.h">
      <Filter>Header Files\SPL\Compiler\Parser\Nodes</Filter>
    </ClInclude>
    <ClInclude Include="SPL\Compiler\Parsing\Nodes\Let.h">
      <Filter>Header Files\SPL\Compiler\Parser\Nodes</Filter>
    </ClInclude>
    <ClInclude Include="SPL\Compiler\Parsing\Nodes\Node.h">
      <Filter>Header Files\SPL\Compiler\Parser\Nodes</Filter>
    </ClInclude>
    <ClInclude Include="SPL\Compiler\Parsing\Nodes\Single.h">
      <Filter>Header Files\SPL\Compiler\Parser\Nodes</Filter>
    </ClInclude>
    <ClInclude Include="SPL\Compiler\Parsing\Nodes\Value.h">
      <Filter>Header Files\SPL\Compiler\Parser\Nodes</Filter>
    </ClInclude>
    <ClInclude Include="SPL\Compiler\Parsing\Nodes\Casting\ToFloat.h">
      <Filter>Header Files\SPL\Compiler\Parser\Nodes\Casting</Filter>
    </ClInclude>
    <ClInclude Include="SPL\Compiler\Parsing\Nodes\Casting\ToInt.h">
      <Filter>Header Files\SPL\Compiler\Parser\Nodes\Casting</Filter>
    </ClInclude>
    <ClInclude Include="SPL\Compiler\Parsing\Nodes\Casting\ToString.h">
      <Filter>Header Files\SPL\Compiler\Parser\Nodes\Casting</Filter>
    </ClInclude>
    <ClInclude Include="SPL\Compiler\Parsing\Nodes\ControlFlow\Exit.h">
      <Filter>Header Files\SPL\Compiler\Parser\Nodes\ControlFlow</Filter>
    </ClInclude>
    <ClInclude Include="SPL\Compiler\Parsing\Nodes\ControlFlow\Goto.h">
      <Filter>Header Files\SPL\Compiler\Parser\Nodes\ControlFlow</Filter>
    </ClInclude>
    <ClInclude Include="SPL\Compiler\Parsing\Nodes\Maths\Add.h">
      <Filter>Header Files\SPL\Compiler\Parser\Nodes\Maths</Filter>
    </ClInclude>
    <ClInclude Include="SPL\Compiler\Parsing\Nodes\Maths\Sub.h">
      <Filter>Header Files\SPL\Compiler\Parser\Nodes\Maths</Filter>
    </ClInclude>
    <ClInclude Include="SPL\Compiler\Parsing\Nodes\Maths\Concat.h">
      <Filter>Header Files\SPL\Compiler\Parser\Nodes\Maths</Filter>
    </ClInclude>
    <ClInclude Include="SPL\Compiler\Parsing\Nodes\Maths\Div.h">
      <Filter>Header Files\SPL\Compiler\Parser\Nodes\Maths</Filter>
    </ClInclude>
    <ClInclude Include="SPL\Compiler\Parsing\Nodes\Maths\Mul.h">
      <Filter>Header Files\SPL\Compiler\Parser\Nodes\Maths</Filter>
    </ClInclude>
    <ClInclude Include="SPL\Compiler\Parsing\Nodes\Maths\Pow.h">
      <Filter>Header Files\SPL\Compiler\Parser\Nodes\Maths</Filter>
    </ClInclude>
    <ClInclude Include="SPL\Compiler\Parsing\Nodes\Output\Print.h">
      <Filter>Header Files\SPL\Compiler\Parser\Nodes\Output</Filter>
    </ClInclude>
    <ClInclude Include="SPL\Compiler\Parsing\Nodes\Stack\Pop.h">
      <Filter>Header Files\SPL\Compiler\Parser\Nodes\Stack</Filter>
    </ClInclude>
    <ClInclude Include="SPL\Compiler\Parsing\Nodes\Stack\Push.h">
      <Filter>Header Files\SPL\Compiler\Parser\Nodes\Stack</Filter>
    </ClInclude>
    <ClInclude Include="SPL\Compiler\Parsing\Nodes\Stack\SetPop.h">
      <Filter>Header Files\SPL\Compiler\Parser\Nodes\Stack</Filter>
    </ClInclude>
    <ClInclude Include="ErrorStream.h">
      <Filter>Header Files</Filter>
    </ClInclude>
    <ClInclude Include="SPL\Compiler\Parsing\Parser.h">
      <Filter>Header Files\SPL\Compiler\Parser</Filter>
    </ClInclude>
    <ClInclude Include="SPL\Compiler\Analyser\SemanticAnalyser.h">
      <Filter>Header Files\SPL\Compiler\Analyser</Filter>
    </ClInclude>
    <ClInclude Include="SPL\Compiler\Parsing\Nodes\ControlFlow\Call.h">
      <Filter>Header Files\SPL\Compiler\Parser\Nodes\ControlFlow</Filter>
    </ClInclude>
    <ClInclude Include="SPL\Compiler\Parsing\Nodes\ControlFlow\Ret.h">
      <Filter>Header Files\SPL\Compiler\Parser\Nodes\ControlFlow</Filter>
    </ClInclude>
    <ClInclude Include="SPL\Compiler\Optimising\Optimiser.h">
      <Filter>Header Files\SPL\Compiler\Optimising</Filter>
    </ClInclude>
    <ClInclude Include="SPL\Compiler\Assembling\Assembler.h">
      <Filter>Header Files\SPL\Compiler\Assembling</Filter>
    </ClInclude>
    <ClInclude Include="Float.h">
      <Filter>Header Files</Filter>
    </ClInclude>
    <ClInclude Include="Int.h">
      <Filter>Header Files</Filter>
    </ClInclude>
    <ClInclude Include="rom.h">
      <Filter>Header Files</Filter>
    </ClInclude>
    <ClInclude Include="SPL\Disassembling\Disassembler.h">
      <Filter>Header Files\SPL\Disassembling</Filter>
    </ClInclude>
    <ClInclude Include="SPL\VirtualMachine\Processor.h">
      <Filter>Header Files\SPL\VirtualMachine</Filter>
    </ClInclude>
    <ClInclude Include="SPL\VirtualMachine\SPLExitCodes.h">
      <Filter>Header Files\SPL\VirtualMachine</Filter>
    </ClInclude>
    <ClInclude Include="SPL\VirtualMachine\VariableData.h">
      <Filter>Header Files\SPL\VirtualMachine</Filter>
    </ClInclude>
    <ClInclude Include="Stack.h">
      <Filter>Header Files</Filter>
    </ClInclude>
    <ClInclude Include="SPL\VirtualMachine\Accumulator.h">
      <Filter>Header Files\SPL\VirtualMachine</Filter>
    </ClInclude>
    <ClInclude Include="resource.h">
      <Filter>Header Files</Filter>
    </ClInclude>
    <ClInclude Include="SPLErrors.h">
      <Filter>Header Files</Filter>
    </ClInclude>
    <ClInclude Include="SPL\Compiler\Parsing\Nodes\ControlFlow\If.h">
      <Filter>Header Files\SPL\Compiler\Parser\Nodes\ControlFlow</Filter>
    </ClInclude>
    <ClInclude Include="SPL\Compiler\Parsing\Nodes\ControlFlow\Block.h">
      <Filter>Header Files\SPL\Compiler\Parser\Nodes</Filter>
    </ClInclude>
    <ClInclude Include="SPL\Compiler\Parsing\Nodes\Condition.h">
      <Filter>Header Files\SPL\Compiler\Parser\Nodes</Filter>
    </ClInclude>
    <ClInclude Include="SPL\Compiler\Parsing\Nodes\Pass.h">
      <Filter>Header Files\SPL\Compiler\Parser\Nodes</Filter>
    </ClInclude>
  </ItemGroup>
  <ItemGroup>
    <None Include="clc.py" />
    <None Include="clc.bat" />
    <None Include="readme.md" />
    <None Include="bytecode.md" />
    <None Include="test.spl">
      <Filter>Resource Files</Filter>
    </None>
  </ItemGroup>
  <ItemGroup>
    <ResourceCompile Include="SPLProject.rc">
      <Filter>Resource Files</Filter>
    </ResourceCompile>
  </ItemGroup>
  <ItemGroup>
    <Image Include="Ico\ico.ico">
      <Filter>Resource Files</Filter>
    </Image>
  </ItemGroup>
</Project>