
Microsoft Visual Studio Solution File, Format Version 12.00
# Visual Studio Version 17
VisualStudioVersion = 17.2.32602.215
MinimumVisualStudioVersion = 10.0.40219.1
Project("{8BC9CEB8-8B4A-11D0-8D11-00A0C91BC942}") = "SPLProject", "SPLProject.vcxproj", "{B9205669-6351-45DC-BF74-8E15AC74C1B3}"
EndProject
Project("{9A19103F-16F7-4668-BE54-9A1E7A4F7556}") = "SPLUninstaller", "Uninstaller\SPLUninstaller\SPLUninstaller.csproj", "{427CB187-A793-4769-ABE4-B93973B3C80D}"
EndProject
Project("{9A19103F-16F7-4668-BE54-9A1E7A4F7556}") = "SPLInstaller", "Installer\SPLInstaller\SPLInstaller.csproj", "{09A7631B-8771-49A0-9488-8422CEDEC23A}"
EndProject
Global
	GlobalSection(SolutionConfigurationPlatforms) = preSolution
		Debug|Any CPU = Debug|Any CPU
		Debug|x64 = Debug|x64
		Debug|x86 = Debug|x86
		Release|Any CPU = Release|Any CPU
		Release|x64 = Release|x64
		Release|x86 = Release|x86
	EndGlobalSection
	GlobalSection(ProjectConfigurationPlatforms) = postSolution
		{B9205669-6351-45DC-BF74-8E15AC74C1B3}.Debug|Any CPU.ActiveCfg = Debug|x64
		{B9205669-6351-45DC-BF74-8E15AC74C1B3}.Debug|Any CPU.Build.0 = Debug|x64
		{B9205669-6351-45DC-BF74-8E15AC74C1B3}.Debug|x64.ActiveCfg = Debug|x64
		{B9205669-6351-45DC-BF74-8E15AC74C1B3}.Debug|x64.Build.0 = Debug|x64
		{B9205669-6351-45DC-BF74-8E15AC74C1B3}.Debug|x86.ActiveCfg = Debug|Win32
		{B9205669-6351-45DC-BF74-8E15AC74C1B3}.Debug|x86.Build.0 = Debug|Win32
		{B9205669-6351-45DC-BF74-8E15AC74C1B3}.Release|Any CPU.ActiveCfg = Release|x64
		{B9205669-6351-45DC-BF74-8E15AC74C1B3}.Release|Any CPU.Build.0 = Release|x64
		{B9205669-6351-45DC-BF74-8E15AC74C1B3}.Release|x64.ActiveCfg = Release|x64
		{B9205669-6351-45DC-BF74-8E15AC74C1B3}.Release|x64.Build.0 = Release|x64
		{B9205669-6351-45DC-BF74-8E15AC74C1B3}.Release|x86.ActiveCfg = Release|Win32
		{B9205669-6351-45DC-BF74-8E15AC74C1B3}.Release|x86.Build.0 = Release|Win32
		{427CB187-A793-4769-ABE4-B93973B3C80D}.Debug|Any CPU.ActiveCfg = Debug|Any CPU
		{427CB187-A793-4769-ABE4-B93973B3C80D}.Debug|Any CPU.Build.0 = Debug|Any CPU
		{427CB187-A793-4769-ABE4-B93973B3C80D}.Debug|x64.ActiveCfg = Debug|Any CPU
		{427CB187-A793-4769-ABE4-B93973B3C80D}.Debug|x64.Build.0 = Debug|Any CPU
		{427CB187-A793-4769-ABE4-B93973B3C80D}.Debug|x86.ActiveCfg = Debug|Any CPU
		{427CB187-A793-4769-ABE4-B93973B3C80D}.Debug|x86.Build.0 = Debug|Any CPU
		{427CB187-A793-4769-ABE4-B93973B3C80D}.Release|Any CPU.ActiveCfg = Release|Any CPU
		{427CB187-A793-4769-ABE4-B93973B3C80D}.Release|Any CPU.Build.0 = Release|Any CPU
		{427CB187-A793-4769-ABE4-B93973B3C80D}.Release|x64.ActiveCfg = Release|Any CPU
		{427CB187-A793-4769-ABE4-B93973B3C80D}.Release|x64.Build.0 = Release|Any CPU
		{427CB187-A793-4769-ABE4-B93973B3C80D}.Release|x86.ActiveCfg = Release|Any CPU
		{427CB187-A793-4769-ABE4-B93973B3C80D}.Release|x86.Build.0 = Release|Any CPU
		{09A7631B-8771-49A0-9488-8422CEDEC23A}.Debug|Any CPU.ActiveCfg = Debug|Any CPU
		{09A7631B-8771-49A0-9488-8422CEDEC23A}.Debug|Any CPU.Build.0 = Debug|Any CPU
		{09A7631B-8771-49A0-9488-8422CEDEC23A}.Debug|x64.ActiveCfg = Debug|Any CPU
		{09A7631B-8771-49A0-9488-8422CEDEC23A}.Debug|x64.Build.0 = Debug|Any CPU
		{09A7631B-8771-49A0-9488-8422CEDEC23A}.Debug|x86.ActiveCfg = Debug|Any CPU
		{09A7631B-8771-49A0-9488-8422CEDEC23A}.Debug|x86.Build.0 = Debug|Any CPU
		{09A7631B-8771-49A0-9488-8422CEDEC23A}.Release|Any CPU.ActiveCfg = Release|Any CPU
		{09A7631B-8771-49A0-9488-8422CEDEC23A}.Release|Any CPU.Build.0 = Release|Any CPU
		{09A7631B-8771-49A0-9488-8422CEDEC23A}.Release|x64.ActiveCfg = Release|Any CPU
		{09A7631B-8771-49A0-9488-8422CEDEC23A}.Release|x64.Build.0 = Release|Any CPU
		{09A7631B-8771-49A0-9488-8422CEDEC23A}.Release|x86.ActiveCfg = Release|Any CPU
		{09A7631B-8771-49A0-9488-8422CEDEC23A}.Release|x86.Build.0 = Release|Any CPU
	EndGlobalSection
	GlobalSection(SolutionProperties) = preSolution
		HideSolutionNode = FALSE
	EndGlobalSection
	GlobalSection(ExtensibilityGlobals) = postSolution
		SolutionGuid = {0F1A7FA4-048D-4A2A-8688-41B535FC64F7}
	EndGlobalSection
EndGlobal
